
Microsoft Visual Studio Solution File, Format Version 12.00
# Visual Studio 15
VisualStudioVersion = 15.0.27703.2035
MinimumVisualStudioVersion = 10.0.40219.1
Project("{9A19103F-16F7-4668-BE54-9A1E7A4F7556}") = "DandDEasy.Services", "DandDEasy.Services\DandDEasy.Services.csproj", "{CE286A01-2AFD-4FF1-95AA-0549F96A825C}"
EndProject
Global
	GlobalSection(SolutionConfigurationPlatforms) = preSolution
		Debug|Any CPU = Debug|Any CPU
		Release|Any CPU = Release|Any CPU
	EndGlobalSection
	GlobalSection(ProjectConfigurationPlatforms) = postSolution
		{CE286A01-2AFD-4FF1-95AA-0549F96A825C}.Debug|Any CPU.ActiveCfg = Debug|Any CPU
		{CE286A01-2AFD-4FF1-95AA-0549F96A825C}.Debug|Any CPU.Build.0 = Debug|Any CPU
		{CE286A01-2AFD-4FF1-95AA-0549F96A825C}.Release|Any CPU.ActiveCfg = Release|Any CPU
		{CE286A01-2AFD-4FF1-95AA-0549F96A825C}.Release|Any CPU.Build.0 = Release|Any CPU
	EndGlobalSection
	GlobalSection(SolutionProperties) = preSolution
		HideSolutionNode = FALSE
	EndGlobalSection
	GlobalSection(ExtensibilityGlobals) = postSolution
		SolutionGuid = {06230CAA-F9BD-4FED-848C-AE541A9E6BA5}
	EndGlobalSection
EndGlobal
